{
  "version": "5",
  "specifiers": {
    "jsr:@david/code-block-writer@^13.0.3": "13.0.3",
    "jsr:@deno/dnt@0.42.3": "0.42.3",
    "jsr:@std/assert@^1.0.18": "1.0.18",
    "jsr:@std/encoding@^1.0.10": "1.0.10",
    "jsr:@std/fmt@1": "1.0.8",
    "jsr:@std/fs@1": "1.0.20",
    "jsr:@std/internal@^1.0.12": "1.0.12",
    "jsr:@std/path@1": "1.1.3",
    "jsr:@std/path@^1.1.3": "1.1.3",
    "jsr:@ts-morph/bootstrap@0.27": "0.27.0",
    "jsr:@ts-morph/common@0.27": "0.27.0",
    "npm:@tauri-apps/api@^2.10.1": "2.10.1",
    "npm:@tauri-apps/plugin-dialog@^2.6.0": "2.6.0",
    "npm:@tauri-apps/plugin-fs@^2.4.5": "2.4.5",
    "npm:@tauri-apps/plugin-log@^2.8.0": "2.8.0",
    "npm:@tauri-apps/plugin-process@^2.3.1": "2.3.1"
  },
  "jsr": {
    "@david/code-block-writer@13.0.3": {
      "integrity": "f98c77d320f5957899a61bfb7a9bead7c6d83ad1515daee92dbacc861e13bb7f"
    },
    "@deno/dnt@0.42.3": {
      "integrity": "62a917a0492f3c8af002dce90605bb0d41f7d29debc06aca40dba72ab65d8ae3",
      "dependencies": [
        "jsr:@david/code-block-writer",
        "jsr:@std/fmt",
        "jsr:@std/fs",
        "jsr:@std/path@1",
        "jsr:@ts-morph/bootstrap"
      ]
    },
    "@std/assert@1.0.18": {
      "integrity": "270245e9c2c13b446286de475131dc688ca9abcd94fc5db41d43a219b34d1c78",
      "dependencies": [
        "jsr:@std/internal"
      ]
    },
    "@std/encoding@1.0.10": {
      "integrity": "8783c6384a2d13abd5e9e87a7ae0520a30e9f56aeeaa3bdf910a3eaaf5c811a1"
    },
    "@std/fmt@1.0.8": {
      "integrity": "71e1fc498787e4434d213647a6e43e794af4fd393ef8f52062246e06f7e372b7"
    },
    "@std/fs@1.0.20": {
      "integrity": "e953206aae48d46ee65e8783ded459f23bec7dd1f3879512911c35e5484ea187",
      "dependencies": [
        "jsr:@std/internal",
        "jsr:@std/path@^1.1.3"
      ]
    },
    "@std/internal@1.0.12": {
      "integrity": "972a634fd5bc34b242024402972cd5143eac68d8dffaca5eaa4dba30ce17b027"
    },
    "@std/path@1.1.3": {
      "integrity": "b015962d82a5e6daea980c32b82d2c40142149639968549c649031a230b1afb3",
      "dependencies": [
        "jsr:@std/internal"
      ]
    },
    "@ts-morph/bootstrap@0.27.0": {
      "integrity": "b8d7bc8f7942ce853dde4161b28f9aa96769cef3d8eebafb379a81800b9e2448",
      "dependencies": [
        "jsr:@ts-morph/common"
      ]
    },
    "@ts-morph/common@0.27.0": {
      "integrity": "c7b73592d78ce8479b356fd4f3d6ec3c460d77753a8680ff196effea7a939052",
      "dependencies": [
        "jsr:@std/fs",
        "jsr:@std/path@1"
      ]
    }
  },
  "npm": {
    "@tauri-apps/api@2.10.1": {
      "integrity": "sha512-hKL/jWf293UDSUN09rR69hrToyIXBb8CjGaWC7gfinvnQrBVvnLr08FeFi38gxtugAVyVcTa5/FD/Xnkb1siBw=="
    },
    "@tauri-apps/api@2.9.0": {
      "integrity": "sha512-qD5tMjh7utwBk9/5PrTA/aGr3i5QaJ/Mlt7p8NilQ45WgbifUNPyKWsA63iQ8YfQq6R8ajMapU+/Q8nMcPRLNw=="
    },
    "@tauri-apps/api@2.9.1": {
      "integrity": "sha512-IGlhP6EivjXHepbBic618GOmiWe4URJiIeZFlB7x3czM0yDHHYviH1Xvoiv4FefdkQtn6v7TuwWCRfOGdnVUGw=="
    },
    "@tauri-apps/plugin-dialog@2.6.0": {
      "integrity": "sha512-q4Uq3eY87TdcYzXACiYSPhmpBA76shgmQswGkSVio4C82Sz2W4iehe9TnKYwbq7weHiL88Yw19XZm7v28+Micg==",
      "dependencies": [
        "@tauri-apps/api@2.10.1"
      ]
    },
    "@tauri-apps/plugin-fs@2.4.5": {
      "integrity": "sha512-dVxWWGE6VrOxC7/jlhyE+ON/Cc2REJlM35R3PJX3UvFw2XwYhLGQVAIyrehenDdKjotipjYEVc4YjOl3qq90fA==",
      "dependencies": [
        "@tauri-apps/api@2.9.1"
      ]
    },
    "@tauri-apps/plugin-log@2.8.0": {
      "integrity": "sha512-a+7rOq3MJwpTOLLKbL8d0qGZ85hgHw5pNOWusA9o3cf7cEgtYHiGY/+O8fj8MvywQIGqFv0da2bYQDlrqLE7rw==",
      "dependencies": [
        "@tauri-apps/api@2.9.1"
      ]
    },
    "@tauri-apps/plugin-process@2.3.1": {
      "integrity": "sha512-nCa4fGVaDL/B9ai03VyPOjfAHRHSBz5v6F/ObsB73r/dA3MHHhZtldaDMIc0V/pnUw9ehzr2iEG+XkSEyC0JJA==",
      "dependencies": [
        "@tauri-apps/api@2.9.0"
      ]
    }
  },
  "workspace": {
    "dependencies": [
      "jsr:@deno/dnt@0.42.3",
      "jsr:@std/assert@^1.0.18",
      "jsr:@std/encoding@^1.0.10",
      "npm:@tauri-apps/api@^2.10.1",
      "npm:@tauri-apps/plugin-dialog@^2.6.0",
      "npm:@tauri-apps/plugin-fs@^2.4.5",
      "npm:@tauri-apps/plugin-log@^2.8.0",
      "npm:@tauri-apps/plugin-process@^2.3.1"
    ]
  }
}
